lockfileVersion: 5.3

specifiers:
  '@pauliojanpera/pipe-operator': ^0.0.22

devDependencies:
  '@pauliojanpera/pipe-operator': 0.0.22

packages:

  /@pauliojanpera/pipe-operator/0.0.22:
    resolution: {integrity: sha512-XPU/Ci9POPIJhoqTjochhUR24cauvu3tJdUfnwp5NN0TazY9suDh4/504MdUdm9MZDHgQXK9VbigTUdWKGqepA==}
    dev: true
